
Microsoft Visual Studio Solution File, Format Version 12.00
# Visual Studio 14
VisualStudioVersion = 14.0.23107.0
MinimumVisualStudioVersion = 10.0.40219.1
Project("{FAE04EC0-301F-11D3-BF4B-00C04F79EFBC}") = "ClouDeveloper.HWP", "ClouDeveloper.HWP\ClouDeveloper.HWP.csproj", "{6F9FB32D-47DF-40D5-A60C-2B44A45B8750}"
EndProject
Project("{FAE04EC0-301F-11D3-BF4B-00C04F79EFBC}") = "ClouDeveloper.HWP.Test", "ClouDeveloper.HWP.Test\ClouDeveloper.HWP.Test.csproj", "{0FF83E0E-A206-428C-9528-A4255B0ED7B1}"
EndProject
Global
	GlobalSection(SolutionConfigurationPlatforms) = preSolution
		Debug|Any CPU = Debug|Any CPU
		Release|Any CPU = Release|Any CPU
	EndGlobalSection
	GlobalSection(ProjectConfigurationPlatforms) = postSolution
		{6F9FB32D-47DF-40D5-A60C-2B44A45B8750}.Debug|Any CPU.ActiveCfg = Debug|Any CPU
		{6F9FB32D-47DF-40D5-A60C-2B44A45B8750}.Debug|Any CPU.Build.0 = Debug|Any CPU
		{6F9FB32D-47DF-40D5-A60C-2B44A45B8750}.Release|Any CPU.ActiveCfg = Release|Any CPU
		{6F9FB32D-47DF-40D5-A60C-2B44A45B8750}.Release|Any CPU.Build.0 = Release|Any CPU
		{0FF83E0E-A206-428C-9528-A4255B0ED7B1}.Debug|Any CPU.ActiveCfg = Debug|Any CPU
		{0FF83E0E-A206-428C-9528-A4255B0ED7B1}.Debug|Any CPU.Build.0 = Debug|Any CPU
		{0FF83E0E-A206-428C-9528-A4255B0ED7B1}.Release|Any CPU.ActiveCfg = Release|Any CPU
		{0FF83E0E-A206-428C-9528-A4255B0ED7B1}.Release|Any CPU.Build.0 = Release|Any CPU
	EndGlobalSection
	GlobalSection(SolutionProperties) = preSolution
		HideSolutionNode = FALSE
	EndGlobalSection
EndGlobal
